
Microsoft Visual Studio Solution File, Format Version 12.00
# Visual Studio 15
VisualStudioVersion = 15.0.28307.1500
MinimumVisualStudioVersion = 10.0.40219.1
Project("{FAE04EC0-301F-11D3-BF4B-00C04F79EFBC}") = "SISTEMA", "frmCorporation\SISTEMA.csproj", "{5CEB0542-B893-4CBE-A4AC-294075A40ADF}"
EndProject
Global
	GlobalSection(SolutionConfigurationPlatforms) = preSolution
		Debug|Any CPU = Debug|Any CPU
		Release|Any CPU = Release|Any CPU
	EndGlobalSection
	GlobalSection(ProjectConfigurationPlatforms) = postSolution
		{5CEB0542-B893-4CBE-A4AC-294075A40ADF}.Debug|Any CPU.ActiveCfg = Debug|Any CPU
		{5CEB0542-B893-4CBE-A4AC-294075A40ADF}.Debug|Any CPU.Build.0 = Debug|Any CPU
		{5CEB0542-B893-4CBE-A4AC-294075A40ADF}.Release|Any CPU.ActiveCfg = Release|Any CPU
		{5CEB0542-B893-4CBE-A4AC-294075A40ADF}.Release|Any CPU.Build.0 = Release|Any CPU
	EndGlobalSection
	GlobalSection(SolutionProperties) = preSolution
		HideSolutionNode = FALSE
	EndGlobalSection
	GlobalSection(ExtensibilityGlobals) = postSolution
		SolutionGuid = {11FBD03E-7723-4C5F-8E7C-F89E150C6F14}
	EndGlobalSection
EndGlobal
